
Microsoft Visual Studio Solution File, Format Version 12.00
# Visual Studio 15
VisualStudioVersion = 15.0.28010.2036
MinimumVisualStudioVersion = 10.0.40219.1
Project("{FAE04EC0-301F-11D3-BF4B-00C04F79EFBC}") = "KillerappToto", "KillerappToto\KillerappToto.csproj", "{AA09F8ED-99C1-448F-B396-C04CAF20B571}"
	ProjectSection(ProjectDependencies) = postProject
		{B3952348-AC9C-43E8-A95B-8F93A14F1553} = {B3952348-AC9C-43E8-A95B-8F93A14F1553}
		{57CCB5DD-7D26-4E34-8F5E-FF8ED2DA0257} = {57CCB5DD-7D26-4E34-8F5E-FF8ED2DA0257}
	EndProjectSection
EndProject
Project("{FAE04EC0-301F-11D3-BF4B-00C04F79EFBC}") = "Data", "Data\Data.csproj", "{E42B4AB4-BFCE-4717-B0A9-B8E103BF617D}"
	ProjectSection(ProjectDependencies) = postProject
		{B3952348-AC9C-43E8-A95B-8F93A14F1553} = {B3952348-AC9C-43E8-A95B-8F93A14F1553}
	EndProjectSection
EndProject
Project("{FAE04EC0-301F-11D3-BF4B-00C04F79EFBC}") = "Logic", "Logic\Logic.csproj", "{57CCB5DD-7D26-4E34-8F5E-FF8ED2DA0257}"
	ProjectSection(ProjectDependencies) = postProject
		{B3952348-AC9C-43E8-A95B-8F93A14F1553} = {B3952348-AC9C-43E8-A95B-8F93A14F1553}
		{E42B4AB4-BFCE-4717-B0A9-B8E103BF617D} = {E42B4AB4-BFCE-4717-B0A9-B8E103BF617D}
	EndProjectSection
EndProject
Project("{FAE04EC0-301F-11D3-BF4B-00C04F79EFBC}") = "Models", "Models\Models.csproj", "{B3952348-AC9C-43E8-A95B-8F93A14F1553}"
EndProject
Global
	GlobalSection(SolutionConfigurationPlatforms) = preSolution
		Debug|Any CPU = Debug|Any CPU
		Release|Any CPU = Release|Any CPU
	EndGlobalSection
	GlobalSection(ProjectConfigurationPlatforms) = postSolution
		{AA09F8ED-99C1-448F-B396-C04CAF20B571}.Debug|Any CPU.ActiveCfg = Debug|Any CPU
		{AA09F8ED-99C1-448F-B396-C04CAF20B571}.Debug|Any CPU.Build.0 = Debug|Any CPU
		{AA09F8ED-99C1-448F-B396-C04CAF20B571}.Release|Any CPU.ActiveCfg = Release|Any CPU
		{AA09F8ED-99C1-448F-B396-C04CAF20B571}.Release|Any CPU.Build.0 = Release|Any CPU
		{E42B4AB4-BFCE-4717-B0A9-B8E103BF617D}.Debug|Any CPU.ActiveCfg = Debug|Any CPU
		{E42B4AB4-BFCE-4717-B0A9-B8E103BF617D}.Debug|Any CPU.Build.0 = Debug|Any CPU
		{E42B4AB4-BFCE-4717-B0A9-B8E103BF617D}.Release|Any CPU.ActiveCfg = Release|Any CPU
		{E42B4AB4-BFCE-4717-B0A9-B8E103BF617D}.Release|Any CPU.Build.0 = Release|Any CPU
		{57CCB5DD-7D26-4E34-8F5E-FF8ED2DA0257}.Debug|Any CPU.ActiveCfg = Debug|Any CPU
		{57CCB5DD-7D26-4E34-8F5E-FF8ED2DA0257}.Debug|Any CPU.Build.0 = Debug|Any CPU
		{57CCB5DD-7D26-4E34-8F5E-FF8ED2DA0257}.Release|Any CPU.ActiveCfg = Release|Any CPU
		{57CCB5DD-7D26-4E34-8F5E-FF8ED2DA0257}.Release|Any CPU.Build.0 = Release|Any CPU
		{B3952348-AC9C-43E8-A95B-8F93A14F1553}.Debug|Any CPU.ActiveCfg = Debug|Any CPU
		{B3952348-AC9C-43E8-A95B-8F93A14F1553}.Debug|Any CPU.Build.0 = Debug|Any CPU
		{B3952348-AC9C-43E8-A95B-8F93A14F1553}.Release|Any CPU.ActiveCfg = Release|Any CPU
		{B3952348-AC9C-43E8-A95B-8F93A14F1553}.Release|Any CPU.Build.0 = Release|Any CPU
	EndGlobalSection
	GlobalSection(SolutionProperties) = preSolution
		HideSolutionNode = FALSE
	EndGlobalSection
	GlobalSection(ExtensibilityGlobals) = postSolution
		SolutionGuid = {5103983D-A234-45D4-9382-4BEAA18A57C0}
	EndGlobalSection
EndGlobal
